
Microsoft Visual Studio Solution File, Format Version 12.00
# Visual Studio Version 16
VisualStudioVersion = 16.0.30611.23
MinimumVisualStudioVersion = 10.0.40219.1
Project("{F184B08F-C81C-45F6-A57F-5ABD9991F28F}") = "ConsoleApp3", "ConsoleApp3\ConsoleApp3.vbproj", "{C7DB4CB6-95B4-43E9-985B-BC984FE7914F}"
EndProject
Global
	GlobalSection(SolutionConfigurationPlatforms) = preSolution
		Debug|Any CPU = Debug|Any CPU
		Release|Any CPU = Release|Any CPU
	EndGlobalSection
	GlobalSection(ProjectConfigurationPlatforms) = postSolution
		{C7DB4CB6-95B4-43E9-985B-BC984FE7914F}.Debug|Any CPU.ActiveCfg = Debug|Any CPU
		{C7DB4CB6-95B4-43E9-985B-BC984FE7914F}.Debug|Any CPU.Build.0 = Debug|Any CPU
		{C7DB4CB6-95B4-43E9-985B-BC984FE7914F}.Release|Any CPU.ActiveCfg = Release|Any CPU
		{C7DB4CB6-95B4-43E9-985B-BC984FE7914F}.Release|Any CPU.Build.0 = Release|Any CPU
	EndGlobalSection
	GlobalSection(SolutionProperties) = preSolution
		HideSolutionNode = FALSE
	EndGlobalSection
	GlobalSection(ExtensibilityGlobals) = postSolution
		SolutionGuid = {1C77DCC9-056F-477C-96A3-ED0E933BF018}
	EndGlobalSection
EndGlobal
